
Microsoft Visual Studio Solution File, Format Version 12.00
# Visual Studio Version 17
VisualStudioVersion = 17.4.33205.214
MinimumVisualStudioVersion = 10.0.40219.1
Project("{FAE04EC0-301F-11D3-BF4B-00C04F79EFBC}") = "Constructor", "Constructor\Constructor.csproj", "{162F191B-62B1-4774-BEC5-7E507FFE276B}"
EndProject
Global
	GlobalSection(SolutionConfigurationPlatforms) = preSolution
		Debug|Any CPU = Debug|Any CPU
		Release|Any CPU = Release|Any CPU
	EndGlobalSection
	GlobalSection(ProjectConfigurationPlatforms) = postSolution
		{162F191B-62B1-4774-BEC5-7E507FFE276B}.Debug|Any CPU.ActiveCfg = Debug|Any CPU
		{162F191B-62B1-4774-BEC5-7E507FFE276B}.Debug|Any CPU.Build.0 = Debug|Any CPU
		{162F191B-62B1-4774-BEC5-7E507FFE276B}.Release|Any CPU.ActiveCfg = Release|Any CPU
		{162F191B-62B1-4774-BEC5-7E507FFE276B}.Release|Any CPU.Build.0 = Release|Any CPU
	EndGlobalSection
	GlobalSection(SolutionProperties) = preSolution
		HideSolutionNode = FALSE
	EndGlobalSection
	GlobalSection(ExtensibilityGlobals) = postSolution
		SolutionGuid = {CE8E5832-EB14-4427-99BD-83BCBA66FDA7}
	EndGlobalSection
EndGlobal
