
Microsoft Visual Studio Solution File, Format Version 12.00
# Visual Studio Version 17
VisualStudioVersion = 17.4.33205.214
MinimumVisualStudioVersion = 10.0.40219.1
Project("{FAE04EC0-301F-11D3-BF4B-00C04F79EFBC}") = "Opgave 2", "Opgave 2\Opgave 2.csproj", "{DD3CCD50-751C-4638-95DB-4A76E9DE8C28}"
EndProject
Global
	GlobalSection(SolutionConfigurationPlatforms) = preSolution
		Debug|Any CPU = Debug|Any CPU
		Release|Any CPU = Release|Any CPU
	EndGlobalSection
	GlobalSection(ProjectConfigurationPlatforms) = postSolution
		{DD3CCD50-751C-4638-95DB-4A76E9DE8C28}.Debug|Any CPU.ActiveCfg = Debug|Any CPU
		{DD3CCD50-751C-4638-95DB-4A76E9DE8C28}.Debug|Any CPU.Build.0 = Debug|Any CPU
		{DD3CCD50-751C-4638-95DB-4A76E9DE8C28}.Release|Any CPU.ActiveCfg = Release|Any CPU
		{DD3CCD50-751C-4638-95DB-4A76E9DE8C28}.Release|Any CPU.Build.0 = Release|Any CPU
	EndGlobalSection
	GlobalSection(SolutionProperties) = preSolution
		HideSolutionNode = FALSE
	EndGlobalSection
	GlobalSection(ExtensibilityGlobals) = postSolution
		SolutionGuid = {EA82F0F2-B70A-4BFF-8083-C1952B2604AA}
	EndGlobalSection
EndGlobal
